<Solution>
  <Project Path="Business/Business.csproj" Id="434a397f-29be-4def-bc64-e00b93bfa965" />
  <Project Path="Core/Core.csproj" Id="b1ea523f-2abd-4458-bc12-ea58994d5c7b" />
  <Project Path="Data/Data.csproj" />
  <Project Path="UI/UI.csproj" Id="8c88c957-0c3d-486d-ab9f-23ffd7cf2ecb" />
  <Project Path="Utils/Utils.csproj" Id="b096e2b2-91d5-41db-a75d-5e8b7baf9cf2" />
</Solution>
